
Microsoft Visual Studio Solution File, Format Version 12.00
# Visual Studio Version 17
VisualStudioVersion = 17.13.35931.197 d17.13
MinimumVisualStudioVersion = 10.0.40219.1
Project("{FAE04EC0-301F-11D3-BF4B-00C04F79EFBC}") = "ProjetoGItHub", "ProjetoGItHub\ProjetoGItHub.csproj", "{3756AD09-ADB5-4E60-8A32-E7207157D1CE}"
EndProject
Global
	GlobalSection(SolutionConfigurationPlatforms) = preSolution
		Debug|Any CPU = Debug|Any CPU
		Release|Any CPU = Release|Any CPU
	EndGlobalSection
	GlobalSection(ProjectConfigurationPlatforms) = postSolution
		{3756AD09-ADB5-4E60-8A32-E7207157D1CE}.Debug|Any CPU.ActiveCfg = Debug|Any CPU
		{3756AD09-ADB5-4E60-8A32-E7207157D1CE}.Debug|Any CPU.Build.0 = Debug|Any CPU
		{3756AD09-ADB5-4E60-8A32-E7207157D1CE}.Release|Any CPU.ActiveCfg = Release|Any CPU
		{3756AD09-ADB5-4E60-8A32-E7207157D1CE}.Release|Any CPU.Build.0 = Release|Any CPU
	EndGlobalSection
	GlobalSection(SolutionProperties) = preSolution
		HideSolutionNode = FALSE
	EndGlobalSection
	GlobalSection(ExtensibilityGlobals) = postSolution
		SolutionGuid = {D7D41D44-BC62-42F8-8FB4-0A5E401580DD}
	EndGlobalSection
EndGlobal
